// !$*UTF8*$!
{
	archiveVersion = 1;
	classes = {
	};
	objectVersion = 48;
	objects = {

/* Begin PBXBuildFile section */
		55FC47DA1EE8D845003A6D16 /* AppDelegate.swift in Sources */ = {isa = PBXBuildFile; fileRef = 55FC47D91EE8D845003A6D16 /* AppDelegate.swift */; };
		55FC47DC1EE8D845003A6D16 /* ViewController.swift in Sources */ = {isa = PBXBuildFile; fileRef = 55FC47DB1EE8D845003A6D16 /* ViewController.swift */; };
		55FC47DF1EE8D845003A6D16 /* Main.storyboard in Resources */ = {isa = PBXBuildFile; fileRef = 55FC47DD1EE8D845003A6D16 /* Main.storyboard */; };
		55FC47E11EE8D845003A6D16 /* Assets.xcassets in Resources */ = {isa = PBXBuildFile; fileRef = 55FC47E01EE8D845003A6D16 /* Assets.xcassets */; };
		55FC47E41EE8D845003A6D16 /* LaunchScreen.storyboard in Resources */ = {isa = PBXBuildFile; fileRef = 55FC47E21EE8D845003A6D16 /* LaunchScreen.storyboard */; };
		55FC47EF1EE8D845003A6D16 /* MLTestTests.swift in Sources */ = {isa = PBXBuildFile; fileRef = 55FC47EE1EE8D845003A6D16 /* MLTestTests.swift */; };
		55FC47FA1EE8D845003A6D16 /* MLTestUITests.swift in Sources */ = {isa = PBXBuildFile; fileRef = 55FC47F91EE8D845003A6D16 /* MLTestUITests.swift */; };
		55FC48081EE8E902003A6D16 /* GoogLeNetPlaces.mlmodel in Sources */ = {isa = PBXBuildFile; fileRef = 55FC48071EE8E902003A6D16 /* GoogLeNetPlaces.mlmodel */; };
		55FC480A1EE8EAA8003A6D16 /* airport.jpg in Resources */ = {isa = PBXBuildFile; fileRef = 55FC48091EE8EAA8003A6D16 /* airport.jpg */; };
		55FC480C1EE8EB2B003A6D16 /* ocean.jpg in Resources */ = {isa = PBXBuildFile; fileRef = 55FC480B1EE8EB2B003A6D16 /* ocean.jpg */; };
/* End PBXBuildFile section */

/* Begin PBXContainerItemProxy section */
		55FC47EB1EE8D845003A6D16 /* PBXContainerItemProxy */ = {
			isa = PBXContainerItemProxy;
			containerPortal = 55FC47CE1EE8D845003A6D16 /* Project object */;
			proxyType = 1;
			remoteGlobalIDString = 55FC47D51EE8D845003A6D16;
			remoteInfo = MLTest;
		};
		55FC47F61EE8D845003A6D16 /* PBXContainerItemProxy */ = {
			isa = PBXContainerItemProxy;
			containerPortal = 55FC47CE1EE8D845003A6D16 /* Project object */;
			proxyType = 1;
			remoteGlobalIDString = 55FC47D51EE8D845003A6D16;
			remoteInfo = MLTest;
		};
/* End PBXContainerItemProxy section */

/* Begin PBXFileReference section */
		55FC47D61EE8D845003A6D16 /* MLTest.app */ = {isa = PBXFileReference; explicitFileType = wrapper.application; includeInIndex = 0; path = MLTest.app; sourceTree = BUILT_PRODUCTS_DIR; };
		55FC47D91EE8D845003A6D16 /* AppDelegate.swift */ = {isa = PBXFileReference; lastKnownFileType = sourcecode.swift; path = AppDelegate.swift; sourceTree = "<group>"; };
		55FC47DB1EE8D845003A6D16 /* ViewController.swift */ = {isa = PBXFileReference; lastKnownFileType = sourcecode.swift; path = ViewController.swift; sourceTree = "<group>"; };
		55FC47DE1EE8D845003A6D16 /* Base */ = {isa = PBXFileReference; lastKnownFileType = file.storyboard; name = Base; path = Base.lproj/Main.storyboard; sourceTree = "<group>"; };
		55FC47E01EE8D845003A6D16 /* Assets.xcassets */ = {isa = PBXFileReference; lastKnownFileType = folder.assetcatalog; path = Assets.xcassets; sourceTree = "<group>"; };
		55FC47E31EE8D845003A6D16 /* Base */ = {isa = PBXFileReference; lastKnownFileType = file.storyboard; name = Base; path = Base.lproj/LaunchScreen.storyboard; sourceTree = "<group>"; };
		55FC47E51EE8D845003A6D16 /* Info.plist */ = {isa = PBXFileReference; lastKnownFileType = text.plist.xml; path = Info.plist; sourceTree = "<group>"; };
		55FC47EA1EE8D845003A6D16 /* MLTestTests.xctest */ = {isa = PBXFileReference; explicitFileType = wrapper.cfbundle; includeInIndex = 0; path = MLTestTests.xctest; sourceTree = BUILT_PRODUCTS_DIR; };
		55FC47EE1EE8D845003A6D16 /* MLTestTests.swift */ = {isa = PBXFileReference; lastKnownFileType = sourcecode.swift; path = MLTestTests.swift; sourceTree = "<group>"; };
		55FC47F01EE8D845003A6D16 /* Info.plist */ = {isa = PBXFileReference; lastKnownFileType = text.plist.xml; path = Info.plist; sourceTree = "<group>"; };
		55FC47F51EE8D845003A6D16 /* MLTestUITests.xctest */ = {isa = PBXFileReference; explicitFileType = wrapper.cfbundle; includeInIndex = 0; path = MLTestUITests.xctest; sourceTree = BUILT_PRODUCTS_DIR; };
		55FC47F91EE8D845003A6D16 /* MLTestUITests.swift */ = {isa = PBXFileReference; lastKnownFileType = sourcecode.swift; path = MLTestUITests.swift; sourceTree = "<group>"; };
		55FC47FB1EE8D845003A6D16 /* Info.plist */ = {isa = PBXFileReference; lastKnownFileType = text.plist.xml; path = Info.plist; sourceTree = "<group>"; };
		55FC48071EE8E902003A6D16 /* GoogLeNetPlaces.mlmodel */ = {isa = PBXFileReference; lastKnownFileType = file.mlmodel; name = GoogLeNetPlaces.mlmodel; path = ../../../../Downloads/GoogLeNetPlaces.mlmodel; sourceTree = "<group>"; };
		55FC48091EE8EAA8003A6D16 /* airport.jpg */ = {isa = PBXFileReference; lastKnownFileType = image.jpeg; name = airport.jpg; path = ../../../../Downloads/airport.jpg; sourceTree = "<group>"; };
		55FC480B1EE8EB2B003A6D16 /* ocean.jpg */ = {isa = PBXFileReference; lastKnownFileType = image.jpeg; name = ocean.jpg; path = ../../../../Downloads/ocean.jpg; sourceTree = "<group>"; };
/* End PBXFileReference section */

/* Begin PBXFrameworksBuildPhase section */
		55FC47D31EE8D845003A6D16 /* Frameworks */ = {
			isa = PBXFrameworksBuildPhase;
			buildActionMask = 2147483647;
			files = (
			);
			runOnlyForDeploymentPostprocessing = 0;
		};
		55FC47E71EE8D845003A6D16 /* Frameworks */ = {
			isa = PBXFrameworksBuildPhase;
			buildActionMask = 2147483647;
			files = (
			);
			runOnlyForDeploymentPostprocessing = 0;
		};
		55FC47F21EE8D845003A6D16 /* Frameworks */ = {
			isa = PBXFrameworksBuildPhase;
			buildActionMask = 2147483647;
			files = (
			);
			runOnlyForDeploymentPostprocessing = 0;
		};
/* End PBXFrameworksBuildPhase section */

/* Begin PBXGroup section */
		55FC47CD1EE8D845003A6D16 = {
			isa = PBXGroup;
			children = (
				55FC47D81EE8D845003A6D16 /* MLTest */,
				55FC47ED1EE8D845003A6D16 /* MLTestTests */,
				55FC47F81EE8D845003A6D16 /* MLTestUITests */,
				55FC47D71EE8D845003A6D16 /* Products */,
			);
			sourceTree = "<group>";
		};
		55FC47D71EE8D845003A6D16 /* Products */ = {
			isa = PBXGroup;
			children = (
				55FC47D61EE8D845003A6D16 /* MLTest.app */,
				55FC47EA1EE8D845003A6D16 /* MLTestTests.xctest */,
				55FC47F51EE8D845003A6D16 /* MLTestUITests.xctest */,
			);
			name = Products;
			sourceTree = "<group>";
		};
		55FC47D81EE8D845003A6D16 /* MLTest */ = {
			isa = PBXGroup;
			children = (
				55FC47D91EE8D845003A6D16 /* AppDelegate.swift */,
				55FC47DB1EE8D845003A6D16 /* ViewController.swift */,
				55FC48071EE8E902003A6D16 /* GoogLeNetPlaces.mlmodel */,
				55FC47DD1EE8D845003A6D16 /* Main.storyboard */,
				55FC480B1EE8EB2B003A6D16 /* ocean.jpg */,
				55FC48091EE8EAA8003A6D16 /* airport.jpg */,
				55FC47E01EE8D845003A6D16 /* Assets.xcassets */,
				55FC47E21EE8D845003A6D16 /* LaunchScreen.storyboard */,
				55FC47E51EE8D845003A6D16 /* Info.plist */,
			);
			path = MLTest;
			sourceTree = "<group>";
		};
		55FC47ED1EE8D845003A6D16 /* MLTestTests */ = {
			isa = PBXGroup;
			children = (
				55FC47EE1EE8D845003A6D16 /* MLTestTests.swift */,
				55FC47F01EE8D845003A6D16 /* Info.plist */,
			);
			path = MLTestTests;
			sourceTree = "<group>";
		};
		55FC47F81EE8D845003A6D16 /* MLTestUITests */ = {
			isa = PBXGroup;
			children = (
				55FC47F91EE8D845003A6D16 /* MLTestUITests.swift */,
				55FC47FB1EE8D845003A6D16 /* Info.plist */,
			);
			path = MLTestUITests;
			sourceTree = "<group>";
		};
/* End PBXGroup section */

/* Begin PBXNativeTarget section */
		55FC47D51EE8D845003A6D16 /* MLTest */ = {
			isa = PBXNativeTarget;
			buildConfigurationList = 55FC47FE1EE8D845003A6D16 /* Build configuration list for PBXNativeTarget "MLTest" */;
			buildPhases = (
				55FC47D21EE8D845003A6D16 /* Sources */,
				55FC47D31EE8D845003A6D16 /* Frameworks */,
				55FC47D41EE8D845003A6D16 /* Resources */,
			);
			buildRules = (
			);
			dependencies = (
			);
			name = MLTest;
			productName = MLTest;
			productReference = 55FC47D61EE8D845003A6D16 /* MLTest.app */;
			productType = "com.apple.product-type.application";
		};
		55FC47E91EE8D845003A6D16 /* MLTestTests */ = {
			isa = PBXNativeTarget;
			buildConfigurationList = 55FC48011EE8D845003A6D16 /* Build configuration list for PBXNativeTarget "MLTestTests" */;
			buildPhases = (
				55FC47E61EE8D845003A6D16 /* Sources */,
				55FC47E71EE8D845003A6D16 /* Frameworks */,
				55FC47E81EE8D845003A6D16 /* Resources */,
			);
			buildRules = (
			);
			dependencies = (
				55FC47EC1EE8D845003A6D16 /* PBXTargetDependency */,
			);
			name = MLTestTests;
			productName = MLTestTests;
			productReference = 55FC47EA1EE8D845003A6D16 /* MLTestTests.xctest */;
			productType = "com.apple.product-type.bundle.unit-test";
		};
		55FC47F41EE8D845003A6D16 /* MLTestUITests */ = {
			isa = PBXNativeTarget;
			buildConfigurationList = 55FC48041EE8D845003A6D16 /* Build configuration list for PBXNativeTarget "MLTestUITests" */;
			buildPhases = (
				55FC47F11EE8D845003A6D16 /* Sources */,
				55FC47F21EE8D845003A6D16 /* Frameworks */,
				55FC47F31EE8D845003A6D16 /* Resources */,
			);
			buildRules = (
			);
			dependencies = (
				55FC47F71EE8D845003A6D16 /* PBXTargetDependency */,
			);
			name = MLTestUITests;
			productName = MLTestUITests;
			productReference = 55FC47F51EE8D845003A6D16 /* MLTestUITests.xctest */;
			productType = "com.apple.product-type.bundle.ui-testing";
		};
/* End PBXNativeTarget section */

/* Begin PBXProject section */
		55FC47CE1EE8D845003A6D16 /* Project object */ = {
			isa = PBXProject;
			attributes = {
				LastSwiftUpdateCheck = 0900;
				LastUpgradeCheck = 0900;
				ORGANIZATIONNAME = "Preston Scott";
				TargetAttributes = {
					55FC47D51EE8D845003A6D16 = {
						CreatedOnToolsVersion = 9.0;
					};
					55FC47E91EE8D845003A6D16 = {
						CreatedOnToolsVersion = 9.0;
						TestTargetID = 55FC47D51EE8D845003A6D16;
					};
					55FC47F41EE8D845003A6D16 = {
						CreatedOnToolsVersion = 9.0;
						TestTargetID = 55FC47D51EE8D845003A6D16;
					};
				};
			};
			buildConfigurationList = 55FC47D11EE8D845003A6D16 /* Build configuration list for PBXProject "MLTest" */;
			compatibilityVersion = "Xcode 8.0";
			developmentRegion = en;
			hasScannedForEncodings = 0;
			knownRegions = (
				en,
				Base,
			);
			mainGroup = 55FC47CD1EE8D845003A6D16;
			productRefGroup = 55FC47D71EE8D845003A6D16 /* Products */;
			projectDirPath = "";
			projectRoot = "";
			targets = (
				55FC47D51EE8D845003A6D16 /* MLTest */,
				55FC47E91EE8D845003A6D16 /* MLTestTests */,
				55FC47F41EE8D845003A6D16 /* MLTestUITests */,
			);
		};
/* End PBXProject section */

/* Begin PBXResourcesBuildPhase section */
		55FC47D41EE8D845003A6D16 /* Resources */ = {
			isa = PBXResourcesBuildPhase;
			buildActionMask = 2147483647;
			files = (
				55FC47E41EE8D845003A6D16 /* LaunchScreen.storyboard in Resources */,
				55FC47E11EE8D845003A6D16 /* Assets.xcassets in Resources */,
				55FC480C1EE8EB2B003A6D16 /* ocean.jpg in Resources */,
				55FC47DF1EE8D845003A6D16 /* Main.storyboard in Resources */,
				55FC480A1EE8EAA8003A6D16 /* airport.jpg in Resources */,
			);
			runOnlyForDeploymentPostprocessing = 0;
		};
		55FC47E81EE8D845003A6D16 /* Resources */ = {
			isa = PBXResourcesBuildPhase;
			buildActionMask = 2147483647;
			files = (
			);
			runOnlyForDeploymentPostprocessing = 0;
		};
		55FC47F31EE8D845003A6D16 /* Resources */ = {
			isa = PBXResourcesBuildPhase;
			buildActionMask = 2147483647;
			files = (
			);
			runOnlyForDeploymentPostprocessing = 0;
		};
/* End PBXResourcesBuildPhase section */

/* Begin PBXSourcesBuildPhase section */
		55FC47D21EE8D845003A6D16 /* Sources */ = {
			isa = PBXSourcesBuildPhase;
			buildActionMask = 2147483647;
			files = (
				55FC47DC1EE8D845003A6D16 /* ViewController.swift in Sources */,
				55FC47DA1EE8D845003A6D16 /* AppDelegate.swift in Sources */,
				55FC48081EE8E902003A6D16 /* GoogLeNetPlaces.mlmodel in Sources */,
			);
			runOnlyForDeploymentPostprocessing = 0;
		};
		55FC47E61EE8D845003A6D16 /* Sources */ = {
			isa = PBXSourcesBuildPhase;
			buildActionMask = 2147483647;
			files = (
				55FC47EF1EE8D845003A6D16 /* MLTestTests.swift in Sources */,
			);
			runOnlyForDeploymentPostprocessing = 0;
		};
		55FC47F11EE8D845003A6D16 /* Sources */ = {
			isa = PBXSourcesBuildPhase;
			buildActionMask = 2147483647;
			files = (
				55FC47FA1EE8D845003A6D16 /* MLTestUITests.swift in Sources */,
			);
			runOnlyForDeploymentPostprocessing = 0;
		};
/* End PBXSourcesBuildPhase section */

/* Begin PBXTargetDependency section */
		55FC47EC1EE8D845003A6D16 /* PBXTargetDependency */ = {
			isa = PBXTargetDependency;
			target = 55FC47D51EE8D845003A6D16 /* MLTest */;
			targetProxy = 55FC47EB1EE8D845003A6D16 /* PBXContainerItemProxy */;
		};
		55FC47F71EE8D845003A6D16 /* PBXTargetDependency */ = {
			isa = PBXTargetDependency;
			target = 55FC47D51EE8D845003A6D16 /* MLTest */;
			targetProxy = 55FC47F61EE8D845003A6D16 /* PBXContainerItemProxy */;
		};
/* End PBXTargetDependency section */

/* Begin PBXVariantGroup section */
		55FC47DD1EE8D845003A6D16 /* Main.storyboard */ = {
			isa = PBXVariantGroup;
			children = (
				55FC47DE1EE8D845003A6D16 /* Base */,
			);
			name = Main.storyboard;
			sourceTree = "<group>";
		};
		55FC47E21EE8D845003A6D16 /* LaunchScreen.storyboard */ = {
			isa = PBXVariantGroup;
			children = (
				55FC47E31EE8D845003A6D16 /* Base */,
			);
			name = LaunchScreen.storyboard;
			sourceTree = "<group>";
		};
/* End PBXVariantGroup section */

/* Begin XCBuildConfiguration section */
		55FC47FC1EE8D845003A6D16 /* Debug */ = {
			isa = XCBuildConfiguration;
			buildSettings = {
				ALWAYS_SEARCH_USER_PATHS = NO;
				CLANG_ANALYZER_NONNULL = YES;
				CLANG_ANALYZER_NUMBER_OBJECT_CONVERSION = YES_AGGRESSIVE;
				CLANG_CXX_LANGUAGE_STANDARD = "gnu++14";
				CLANG_CXX_LIBRARY = "libc++";
				CLANG_ENABLE_MODULES = YES;
				CLANG_ENABLE_OBJC_ARC = YES;
				CLANG_WARN_BLOCK_CAPTURE_AUTORELEASING = YES;
				CLANG_WARN_BOOL_CONVERSION = YES;
				CLANG_WARN_COMMA = YES;
				CLANG_WARN_CONSTANT_CONVERSION = YES;
				CLANG_WARN_DIRECT_OBJC_ISA_USAGE = YES_ERROR;
				CLANG_WARN_DOCUMENTATION_COMMENTS = YES;
				CLANG_WARN_EMPTY_BODY = YES;
				CLANG_WARN_ENUM_CONVERSION = YES;
				CLANG_WARN_INFINITE_RECURSION = YES;
				CLANG_WARN_INT_CONVERSION = YES;
				CLANG_WARN_OBJC_ROOT_CLASS = YES_ERROR;
				CLANG_WARN_RANGE_LOOP_ANALYSIS = YES;
				CLANG_WARN_STRICT_PROTOTYPES = YES;
				CLANG_WARN_SUSPICIOUS_MOVE = YES;
				CLANG_WARN_UNGUARDED_AVAILABILITY = YES_AGGRESSIVE;
				CLANG_WARN_UNREACHABLE_CODE = YES;
				CLANG_WARN__DUPLICATE_METHOD_MATCH = YES;
				CODE_SIGN_IDENTITY = "iPhone Developer";
				COPY_PHASE_STRIP = NO;
				DEBUG_INFORMATION_FORMAT = dwarf;
				ENABLE_STRICT_OBJC_MSGSEND = YES;
				ENABLE_TESTABILITY = YES;
				GCC_C_LANGUAGE_STANDARD = gnu11;
				GCC_DYNAMIC_NO_PIC = NO;
				GCC_NO_COMMON_BLOCKS = YES;
				GCC_OPTIMIZATION_LEVEL = 0;
				GCC_PREPROCESSOR_DEFINITIONS = (
					"DEBUG=1",
					"$(inherited)",
				);
				GCC_WARN_64_TO_32_BIT_CONVERSION = YES;
				GCC_WARN_ABOUT_RETURN_TYPE = YES_ERROR;
				GCC_WARN_UNDECLARED_SELECTOR = YES;
				GCC_WARN_UNINITIALIZED_AUTOS = YES_AGGRESSIVE;
				GCC_WARN_UNUSED_FUNCTION = YES;
				GCC_WARN_UNUSED_VARIABLE = YES;
				IPHONEOS_DEPLOYMENT_TARGET = 11.0;
				MTL_ENABLE_DEBUG_INFO = YES;
				ONLY_ACTIVE_ARCH = YES;
				SDKROOT = iphoneos;
				SWIFT_ACTIVE_COMPILATION_CONDITIONS = DEBUG;
				SWIFT_OPTIMIZATION_LEVEL = "-Onone";
			};
			name = Debug;
		};
		55FC47FD1EE8D845003A6D16 /* Release */ = {
			isa = XCBuildConfiguration;
			buildSettings = {
				ALWAYS_SEARCH_USER_PATHS = NO;
				CLANG_ANALYZER_NONNULL = YES;
				CLANG_ANALYZER_NUMBER_OBJECT_CONVERSION = YES_AGGRESSIVE;
				CLANG_CXX_LANGUAGE_STANDARD = "gnu++14";
				CLANG_CXX_LIBRARY = "libc++";
				CLANG_ENABLE_MODULES = YES;
				CLANG_ENABLE_OBJC_ARC = YES;
				CLANG_WARN_BLOCK_CAPTURE_AUTORELEASING = YES;
				CLANG_WARN_BOOL_CONVERSION = YES;
				CLANG_WARN_COMMA = YES;
				CLANG_WARN_CONSTANT_CONVERSION = YES;
				CLANG_WARN_DIRECT_OBJC_ISA_USAGE = YES_ERROR;
				CLANG_WARN_DOCUMENTATION_COMMENTS = YES;
				CLANG_WARN_EMPTY_BODY = YES;
				CLANG_WARN_ENUM_CONVERSION = YES;
				CLANG_WARN_INFINITE_RECURSION = YES;
				CLANG_WARN_INT_CONVERSION = YES;
				CLANG_WARN_OBJC_ROOT_CLASS = YES_ERROR;
				CLANG_WARN_RANGE_LOOP_ANALYSIS = YES;
				CLANG_WARN_STRICT_PROTOTYPES = YES;
				CLANG_WARN_SUSPICIOUS_MOVE = YES;
				CLANG_WARN_UNGUARDED_AVAILABILITY = YES_AGGRESSIVE;
				CLANG_WARN_UNREACHABLE_CODE = YES;
				CLANG_WARN__DUPLICATE_METHOD_MATCH = YES;
				CODE_SIGN_IDENTITY = "iPhone Developer";
				COPY_PHASE_STRIP = NO;
				DEBUG_INFORMATION_FORMAT = "dwarf-with-dsym";
				ENABLE_NS_ASSERTIONS = NO;
				ENABLE_STRICT_OBJC_MSGSEND = YES;
				GCC_C_LANGUAGE_STANDARD = gnu11;
				GCC_NO_COMMON_BLOCKS = YES;
				GCC_WARN_64_TO_32_BIT_CONVERSION = YES;
				GCC_WARN_ABOUT_RETURN_TYPE = YES_ERROR;
				GCC_WARN_UNDECLARED_SELECTOR = YES;
				GCC_WARN_UNINITIALIZED_AUTOS = YES_AGGRESSIVE;
				GCC_WARN_UNUSED_FUNCTION = YES;
				GCC_WARN_UNUSED_VARIABLE = YES;
				IPHONEOS_DEPLOYMENT_TARGET = 11.0;
				MTL_ENABLE_DEBUG_INFO = NO;
				SDKROOT = iphoneos;
				SWIFT_OPTIMIZATION_LEVEL = "-Owholemodule";
				VALIDATE_PRODUCT = YES;
			};
			name = Release;
		};
		55FC47FF1EE8D845003A6D16 /* Debug */ = {
			isa = XCBuildConfiguration;
			buildSettings = {
				ASSETCATALOG_COMPILER_APPICON_NAME = AppIcon;
				DEVELOPMENT_TEAM = PXCX8RPKQL;
				INFOPLIST_FILE = MLTest/Info.plist;
				LD_RUNPATH_SEARCH_PATHS = "$(inherited) @executable_path/Frameworks";
				PRODUCT_BUNDLE_IDENTIFIER = edu.ncsu.MLTest;
				PRODUCT_NAME = "$(TARGET_NAME)";
				SWIFT_VERSION = 4.0;
				TARGETED_DEVICE_FAMILY = "1,2";
			};
			name = Debug;
		};
		55FC48001EE8D845003A6D16 /* Release */ = {
			isa = XCBuildConfiguration;
			buildSettings = {
				ASSETCATALOG_COMPILER_APPICON_NAME = AppIcon;
				DEVELOPMENT_TEAM = PXCX8RPKQL;
				INFOPLIST_FILE = MLTest/Info.plist;
				LD_RUNPATH_SEARCH_PATHS = "$(inherited) @executable_path/Frameworks";
				PRODUCT_BUNDLE_IDENTIFIER = edu.ncsu.MLTest;
				PRODUCT_NAME = "$(TARGET_NAME)";
				SWIFT_VERSION = 4.0;
				TARGETED_DEVICE_FAMILY = "1,2";
			};
			name = Release;
		};
		55FC48021EE8D845003A6D16 /* Debug */ = {
			isa = XCBuildConfiguration;
			buildSettings = {
				ALWAYS_EMBED_SWIFT_STANDARD_LIBRARIES = YES;
				BUNDLE_LOADER = "$(TEST_HOST)";
				DEVELOPMENT_TEAM = PXCX8RPKQL;
				INFOPLIST_FILE = MLTestTests/Info.plist;
				LD_RUNPATH_SEARCH_PATHS = "$(inherited) @executable_path/Frameworks @loader_path/Frameworks";
				PRODUCT_BUNDLE_IDENTIFIER = edu.ncsu.MLTestTests;
				PRODUCT_NAME = "$(TARGET_NAME)";
				SWIFT_VERSION = 4.0;
				TARGETED_DEVICE_FAMILY = "1,2";
				TEST_HOST = "$(BUILT_PRODUCTS_DIR)/MLTest.app/MLTest";
			};
			name = Debug;
		};
		55FC48031EE8D845003A6D16 /* Release */ = {
			isa = XCBuildConfiguration;
			buildSettings = {
				ALWAYS_EMBED_SWIFT_STANDARD_LIBRARIES = YES;
				BUNDLE_LOADER = "$(TEST_HOST)";
				DEVELOPMENT_TEAM = PXCX8RPKQL;
				INFOPLIST_FILE = MLTestTests/Info.plist;
				LD_RUNPATH_SEARCH_PATHS = "$(inherited) @executable_path/Frameworks @loader_path/Frameworks";
				PRODUCT_BUNDLE_IDENTIFIER = edu.ncsu.MLTestTests;
				PRODUCT_NAME = "$(TARGET_NAME)";
				SWIFT_VERSION = 4.0;
				TARGETED_DEVICE_FAMILY = "1,2";
				TEST_HOST = "$(BUILT_PRODUCTS_DIR)/MLTest.app/MLTest";
			};
			name = Release;
		};
		55FC48051EE8D845003A6D16 /* Debug */ = {
			isa = XCBuildConfiguration;
			buildSettings = {
				ALWAYS_EMBED_SWIFT_STANDARD_LIBRARIES = YES;
				DEVELOPMENT_TEAM = PXCX8RPKQL;
				INFOPLIST_FILE = MLTestUITests/Info.plist;
				LD_RUNPATH_SEARCH_PATHS = "$(inherited) @executable_path/Frameworks @loader_path/Frameworks";
				PRODUCT_BUNDLE_IDENTIFIER = edu.ncsu.MLTestUITests;
				PRODUCT_NAME = "$(TARGET_NAME)";
				SWIFT_VERSION = 4.0;
				TARGETED_DEVICE_FAMILY = "1,2";
				TEST_TARGET_NAME = MLTest;
			};
			name = Debug;
		};
		55FC48061EE8D845003A6D16 /* Release */ = {
			isa = XCBuildConfiguration;
			buildSettings = {
				ALWAYS_EMBED_SWIFT_STANDARD_LIBRARIES = YES;
				DEVELOPMENT_TEAM = PXCX8RPKQL;
				INFOPLIST_FILE = MLTestUITests/Info.plist;
				LD_RUNPATH_SEARCH_PATHS = "$(inherited) @executable_path/Frameworks @loader_path/Frameworks";
				PRODUCT_BUNDLE_IDENTIFIER = edu.ncsu.MLTestUITests;
				PRODUCT_NAME = "$(TARGET_NAME)";
				SWIFT_VERSION = 4.0;
				TARGETED_DEVICE_FAMILY = "1,2";
				TEST_TARGET_NAME = MLTest;
			};
			name = Release;
		};
/* End XCBuildConfiguration section */

/* Begin XCConfigurationList section */
		55FC47D11EE8D845003A6D16 /* Build configuration list for PBXProject "MLTest" */ = {
			isa = XCConfigurationList;
			buildConfigurations = (
				55FC47FC1EE8D845003A6D16 /* Debug */,
				55FC47FD1EE8D845003A6D16 /* Release */,
			);
			defaultConfigurationIsVisible = 0;
			defaultConfigurationName = Release;
		};
		55FC47FE1EE8D845003A6D16 /* Build configuration list for PBXNativeTarget "MLTest" */ = {
			isa = XCConfigurationList;
			buildConfigurations = (
				55FC47FF1EE8D845003A6D16 /* Debug */,
				55FC48001EE8D845003A6D16 /* Release */,
			);
			defaultConfigurationIsVisible = 0;
		};
		55FC48011EE8D845003A6D16 /* Build configuration list for PBXNativeTarget "MLTestTests" */ = {
			isa = XCConfigurationList;
			buildConfigurations = (
				55FC48021EE8D845003A6D16 /* Debug */,
				55FC48031EE8D845003A6D16 /* Release */,
			);
			defaultConfigurationIsVisible = 0;
		};
		55FC48041EE8D845003A6D16 /* Build configuration list for PBXNativeTarget "MLTestUITests" */ = {
			isa = XCConfigurationList;
			buildConfigurations = (
				55FC48051EE8D845003A6D16 /* Debug */,
				55FC48061EE8D845003A6D16 /* Release */,
			);
			defaultConfigurationIsVisible = 0;
		};
/* End XCConfigurationList section */
	};
	rootObject = 55FC47CE1EE8D845003A6D16 /* Project object */;
}
